
Microsoft Visual Studio Solution File, Format Version 12.00
# Visual Studio Version 16
VisualStudioVersion = 16.0.30503.244
MinimumVisualStudioVersion = 10.0.40219.1
Project("{2150E333-8FDC-42A3-9474-1A3956D46DE8}") = "src", "src", "{E90FA5CD-A800-497C-92BB-7FED93489310}"
EndProject
Project("{2150E333-8FDC-42A3-9474-1A3956D46DE8}") = "GateWays", "GateWays", "{D5240596-6615-4341-991E-6B98FF1BFC81}"
EndProject
Project("{2150E333-8FDC-42A3-9474-1A3956D46DE8}") = "Clients", "Clients", "{1B538D8B-AD45-49BD-8C75-5C8964D103FC}"
EndProject
Project("{2150E333-8FDC-42A3-9474-1A3956D46DE8}") = "Auth", "Auth", "{61862048-7141-4201-AF22-315E740D7A5E}"
EndProject
Project("{2150E333-8FDC-42A3-9474-1A3956D46DE8}") = "Services", "Services", "{12058B0C-79F0-496B-B60B-87028BA1B3B1}"
EndProject
Project("{2150E333-8FDC-42A3-9474-1A3956D46DE8}") = "Web", "Web", "{024987A4-317E-4E6A-AE32-C6D249B8E5BB}"
EndProject
Project("{9A19103F-16F7-4668-BE54-9A1E7A4F7556}") = "Web.MVC", "Web.MVC\Web.MVC.csproj", "{F9D27E1F-2118-4E00-8B1C-F18900FD4FC5}"
EndProject
Project("{2150E333-8FDC-42A3-9474-1A3956D46DE8}") = "Order", "Order", "{6E92790F-51E2-4222-9258-B3D0AA0CE99B}"
EndProject
Project("{9A19103F-16F7-4668-BE54-9A1E7A4F7556}") = "Order.API", "Order.API\Order.API.csproj", "{782800A2-7E1D-4555-B7AE-50E890658624}"
EndProject
Project("{2150E333-8FDC-42A3-9474-1A3956D46DE8}") = "Product", "Product", "{CAC1DA68-9EBE-45FB-86DE-BB1FA8354A94}"
EndProject
Project("{9A19103F-16F7-4668-BE54-9A1E7A4F7556}") = "Product.API", "Product.API\Product.API.csproj", "{EA0B02BC-E7CE-475C-95D4-C133B9EA487E}"
EndProject
Project("{9A19103F-16F7-4668-BE54-9A1E7A4F7556}") = "Ocelot.APIGateway", "Ocelot.APIGateway\Ocelot.APIGateway.csproj", "{05A585F5-F736-4AFF-9D4A-5132F1BE7FE1}"
EndProject
Project("{9A19103F-16F7-4668-BE54-9A1E7A4F7556}") = "IDS4.AuthCenter", "IDS4.AuthCenter\IDS4.AuthCenter.csproj", "{76BDAA91-2650-4FE4-9AC5-26EA254716F5}"
EndProject
Project("{2150E333-8FDC-42A3-9474-1A3956D46DE8}") = "Test", "Test", "{C8004C31-A085-42E4-B3D2-02DFE2CA7D4B}"
EndProject
Project("{9A19103F-16F7-4668-BE54-9A1E7A4F7556}") = "TestIdentityServer4", "TestIdentityServer4\TestIdentityServer4.csproj", "{63C010CF-1CDF-418B-9263-C266AD236A1E}"
EndProject
Global
	GlobalSection(SolutionConfigurationPlatforms) = preSolution
		Debug|Any CPU = Debug|Any CPU
		Release|Any CPU = Release|Any CPU
	EndGlobalSection
	GlobalSection(ProjectConfigurationPlatforms) = postSolution
		{F9D27E1F-2118-4E00-8B1C-F18900FD4FC5}.Debug|Any CPU.ActiveCfg = Debug|Any CPU
		{F9D27E1F-2118-4E00-8B1C-F18900FD4FC5}.Debug|Any CPU.Build.0 = Debug|Any CPU
		{F9D27E1F-2118-4E00-8B1C-F18900FD4FC5}.Release|Any CPU.ActiveCfg = Release|Any CPU
		{F9D27E1F-2118-4E00-8B1C-F18900FD4FC5}.Release|Any CPU.Build.0 = Release|Any CPU
		{782800A2-7E1D-4555-B7AE-50E890658624}.Debug|Any CPU.ActiveCfg = Debug|Any CPU
		{782800A2-7E1D-4555-B7AE-50E890658624}.Debug|Any CPU.Build.0 = Debug|Any CPU
		{782800A2-7E1D-4555-B7AE-50E890658624}.Release|Any CPU.ActiveCfg = Release|Any CPU
		{782800A2-7E1D-4555-B7AE-50E890658624}.Release|Any CPU.Build.0 = Release|Any CPU
		{EA0B02BC-E7CE-475C-95D4-C133B9EA487E}.Debug|Any CPU.ActiveCfg = Debug|Any CPU
		{EA0B02BC-E7CE-475C-95D4-C133B9EA487E}.Debug|Any CPU.Build.0 = Debug|Any CPU
		{EA0B02BC-E7CE-475C-95D4-C133B9EA487E}.Release|Any CPU.ActiveCfg = Release|Any CPU
		{EA0B02BC-E7CE-475C-95D4-C133B9EA487E}.Release|Any CPU.Build.0 = Release|Any CPU
		{05A585F5-F736-4AFF-9D4A-5132F1BE7FE1}.Debug|Any CPU.ActiveCfg = Debug|Any CPU
		{05A585F5-F736-4AFF-9D4A-5132F1BE7FE1}.Debug|Any CPU.Build.0 = Debug|Any CPU
		{05A585F5-F736-4AFF-9D4A-5132F1BE7FE1}.Release|Any CPU.ActiveCfg = Release|Any CPU
		{05A585F5-F736-4AFF-9D4A-5132F1BE7FE1}.Release|Any CPU.Build.0 = Release|Any CPU
		{76BDAA91-2650-4FE4-9AC5-26EA254716F5}.Debug|Any CPU.ActiveCfg = Debug|Any CPU
		{76BDAA91-2650-4FE4-9AC5-26EA254716F5}.Debug|Any CPU.Build.0 = Debug|Any CPU
		{76BDAA91-2650-4FE4-9AC5-26EA254716F5}.Release|Any CPU.ActiveCfg = Release|Any CPU
		{76BDAA91-2650-4FE4-9AC5-26EA254716F5}.Release|Any CPU.Build.0 = Release|Any CPU
		{63C010CF-1CDF-418B-9263-C266AD236A1E}.Debug|Any CPU.ActiveCfg = Debug|Any CPU
		{63C010CF-1CDF-418B-9263-C266AD236A1E}.Debug|Any CPU.Build.0 = Debug|Any CPU
		{63C010CF-1CDF-418B-9263-C266AD236A1E}.Release|Any CPU.ActiveCfg = Release|Any CPU
		{63C010CF-1CDF-418B-9263-C266AD236A1E}.Release|Any CPU.Build.0 = Release|Any CPU
	EndGlobalSection
	GlobalSection(SolutionProperties) = preSolution
		HideSolutionNode = FALSE
	EndGlobalSection
	GlobalSection(NestedProjects) = preSolution
		{D5240596-6615-4341-991E-6B98FF1BFC81} = {E90FA5CD-A800-497C-92BB-7FED93489310}
		{1B538D8B-AD45-49BD-8C75-5C8964D103FC} = {E90FA5CD-A800-497C-92BB-7FED93489310}
		{61862048-7141-4201-AF22-315E740D7A5E} = {E90FA5CD-A800-497C-92BB-7FED93489310}
		{12058B0C-79F0-496B-B60B-87028BA1B3B1} = {E90FA5CD-A800-497C-92BB-7FED93489310}
		{024987A4-317E-4E6A-AE32-C6D249B8E5BB} = {1B538D8B-AD45-49BD-8C75-5C8964D103FC}
		{F9D27E1F-2118-4E00-8B1C-F18900FD4FC5} = {024987A4-317E-4E6A-AE32-C6D249B8E5BB}
		{6E92790F-51E2-4222-9258-B3D0AA0CE99B} = {12058B0C-79F0-496B-B60B-87028BA1B3B1}
		{782800A2-7E1D-4555-B7AE-50E890658624} = {6E92790F-51E2-4222-9258-B3D0AA0CE99B}
		{CAC1DA68-9EBE-45FB-86DE-BB1FA8354A94} = {E90FA5CD-A800-497C-92BB-7FED93489310}
		{EA0B02BC-E7CE-475C-95D4-C133B9EA487E} = {CAC1DA68-9EBE-45FB-86DE-BB1FA8354A94}
		{05A585F5-F736-4AFF-9D4A-5132F1BE7FE1} = {D5240596-6615-4341-991E-6B98FF1BFC81}
		{76BDAA91-2650-4FE4-9AC5-26EA254716F5} = {61862048-7141-4201-AF22-315E740D7A5E}
		{C8004C31-A085-42E4-B3D2-02DFE2CA7D4B} = {E90FA5CD-A800-497C-92BB-7FED93489310}
		{63C010CF-1CDF-418B-9263-C266AD236A1E} = {C8004C31-A085-42E4-B3D2-02DFE2CA7D4B}
	EndGlobalSection
	GlobalSection(ExtensibilityGlobals) = postSolution
		SolutionGuid = {EF91AE32-BAA4-4E0B-A133-D19C4928A98D}
	EndGlobalSection
EndGlobal
